
Microsoft Visual Studio Solution File, Format Version 12.00
# Visual Studio 14
VisualStudioVersion = 14.0.23107.0
MinimumVisualStudioVersion = 10.0.40219.1
Project("{888888A0-9F3D-457C-B088-3A5042F75D52}") = "FlaskRestTest", "FlaskRestTest\FlaskRestTest.pyproj", "{1C773F32-F63A-46AF-8CFF-CFDADC76538A}"
EndProject
Global
	GlobalSection(SolutionConfigurationPlatforms) = preSolution
		Debug|Any CPU = Debug|Any CPU
		Release|Any CPU = Release|Any CPU
	EndGlobalSection
	GlobalSection(ProjectConfigurationPlatforms) = postSolution
		{1C773F32-F63A-46AF-8CFF-CFDADC76538A}.Debug|Any CPU.ActiveCfg = Debug|Any CPU
		{1C773F32-F63A-46AF-8CFF-CFDADC76538A}.Debug|Any CPU.Build.0 = Debug|Any CPU
		{1C773F32-F63A-46AF-8CFF-CFDADC76538A}.Release|Any CPU.ActiveCfg = Release|Any CPU
		{1C773F32-F63A-46AF-8CFF-CFDADC76538A}.Release|Any CPU.Build.0 = Release|Any CPU
	EndGlobalSection
	GlobalSection(SolutionProperties) = preSolution
		HideSolutionNode = FALSE
	EndGlobalSection
EndGlobal
